schema: '2.0'
stages:
  preprocess:
    cmd: python src/preprocessing.py
    deps:
    - path: data/raw/WA_Fn-UseC_-HR-Employee-Attrition.csv
      hash: md5
      md5: ad8207459e5732574372cf8ff619883f
      size: 227977
    - path: src/preprocessing.py
      hash: md5
      md5: acabd193f5c9201a9340ce2ed9f5bc24
      size: 2405
    outs:
    - path: data/processed/test.csv
      hash: md5
      md5: 0ba54cedca23e8c5aa76a72bdde3d787
      size: 42261
    - path: data/processed/train.csv
      hash: md5
      md5: 2257c2f64a766b4670a7d5616e3a6c13
      size: 167579
  feature_engineering:
    cmd: python src/feature_engineering.py
    deps:
    - path: data/processed/test.csv
      hash: md5
      md5: 0ba54cedca23e8c5aa76a72bdde3d787
      size: 42261
    - path: data/processed/train.csv
      hash: md5
      md5: 2257c2f64a766b4670a7d5616e3a6c13
      size: 167579
    - path: src/feature_engineering.py
      hash: md5
      md5: 9df1a422883a23adbf56ccf1a19c7fe2
      size: 3044
    outs:
    - path: data/processed/test_features.csv
      hash: md5
      md5: e36e8430a9f8ed0ae54424c8288ff628
      size: 57103
    - path: data/processed/train_features.csv
      hash: md5
      md5: 4de96eccdae54755b6ec1c427509a9f5
      size: 227113
